schema: '2.0'
stages:
  data_ingestion:
    cmd: python src/cnnClassifier/pipeline/stage_1_data_ingestion.py
    deps:
    - path: config/config.yaml
      hash: md5
      md5: 448966e4d81f62dcba85efa3a491f970
      size: 570
    - path: src/cnnClassifier/pipeline/stage_1_data_ingestion.py
      hash: md5
      md5: f38e7673da48c24090297d2c59c6d1bf
      size: 850
    outs:
    - path: artifacts/data_ingestion/plant_disease_healthy
      hash: md5
      md5: f91bf303f359eeddc4945108c2b463be.dir
      size: 39451445
      nfiles: 2153
  prepare_base_model:
    cmd: python src/cnnClassifier/pipeline/stage_2_prepare_base_model.py
    deps:
    - path: config/config.yaml
      hash: md5
      md5: 448966e4d81f62dcba85efa3a491f970
      size: 570
    - path: src/cnnClassifier/pipeline/stage_2_prepare_base_model.py
      hash: md5
      md5: 14692ae7875849567e6bb734c989a26f
      size: 961
    params:
      params.yaml:
        CLASSES: 3
        IMAGE_SIZE:
        - 224
        - 224
        - 3
        INCLUDE_TOP: false
        LEARNING_RATE: 0.01
        WEIGHTS: imagenet
    outs:
    - path: artifacts/prepare_base_model
      hash: md5
      md5: 0f8f0b36721472df99cbc886b0b9afa1.dir
      size: 118161532
      nfiles: 2
  training:
    cmd: python src/cnnClassifier/pipeline/stage_3_model_training.py
    deps:
    - path: artifacts/data_ingestion/plant_disease_healthy
      hash: md5
      md5: f91bf303f359eeddc4945108c2b463be.dir
      size: 39451445
      nfiles: 2153
    - path: artifacts/prepare_base_model
      hash: md5
      md5: 0f8f0b36721472df99cbc886b0b9afa1.dir
      size: 118161532
      nfiles: 2
    - path: config/config.yaml
      hash: md5
      md5: 448966e4d81f62dcba85efa3a491f970
      size: 570
    - path: src/cnnClassifier/pipeline/stage_3_model_training.py
      hash: md5
      md5: 7c62086b8fa78f53418d7d3d280740d5
      size: 877
    params:
      params.yaml:
        AUGMENTATION: true
        BATCH_SIZE: 16
        EPOCHS: 5
        IMAGE_SIZE:
        - 224
        - 224
        - 3
    outs:
    - path: artifacts/training/model.keras
      hash: md5
      md5: d81f2efc642e375f94b77eb45601e4e9
      size: 59235440
  evaluation:
    cmd: python src/cnnClassifier/pipeline/stage_4_model_evaluation.py
    deps:
    - path: artifacts/data_ingestion/plant_disease_healthy
      hash: md5
      md5: f91bf303f359eeddc4945108c2b463be.dir
      size: 39451445
      nfiles: 2153
    - path: artifacts/training/model.keras
      hash: md5
      md5: d81f2efc642e375f94b77eb45601e4e9
      size: 59235440
    - path: config/config.yaml
      hash: md5
      md5: 448966e4d81f62dcba85efa3a491f970
      size: 570
    - path: src/cnnClassifier/pipeline/stage_4_model_evaluation.py
      hash: md5
      md5: 13d0febc4dbb3c764d87d158dc22aed1
      size: 882
    params:
      params.yaml:
        BATCH_SIZE: 16
        IMAGE_SIZE:
        - 224
        - 224
        - 3
    outs:
    - path: scores.json
      hash: md5
      md5: e76db5bab14acc09c61273894c73b0d1
      size: 70
